// !$*UTF8*$!
{
	archiveVersion = 1;
	classes = {
	};
	objectVersion = 56;
	objects = {

/* Begin PBXBuildFile section */
		6E1967DC2993A906005A7211 /* AppDelegate.swift in Sources */ = {isa = PBXBuildFile; fileRef = 6E1967DB2993A906005A7211 /* AppDelegate.swift */; };
		6E1967E52993A90A005A7211 /* Assets.xcassets in Resources */ = {isa = PBXBuildFile; fileRef = 6E1967E42993A90A005A7211 /* Assets.xcassets */; };
		6E1967E82993A90A005A7211 /* LaunchScreen.storyboard in Resources */ = {isa = PBXBuildFile; fileRef = 6E1967E62993A90A005A7211 /* LaunchScreen.storyboard */; };
		6E1967F22993AA31005A7211 /* MainViewController.swift in Sources */ = {isa = PBXBuildFile; fileRef = 6E1967F02993AA30005A7211 /* MainViewController.swift */; };
		6E1967F32993AA31005A7211 /* MainViewController.xib in Resources */ = {isa = PBXBuildFile; fileRef = 6E1967F12993AA31005A7211 /* MainViewController.xib */; };
		6E65916C2993C96A009EDAE9 /* CarouselCollectionViewCell.swift in Sources */ = {isa = PBXBuildFile; fileRef = 6E65916A2993C96A009EDAE9 /* CarouselCollectionViewCell.swift */; };
		6E65916D2993C96A009EDAE9 /* CarouselCollectionViewCell.xib in Resources */ = {isa = PBXBuildFile; fileRef = 6E65916B2993C96A009EDAE9 /* CarouselCollectionViewCell.xib */; };
		6E65917929978C7D009EDAE9 /* TableViewCell.swift in Sources */ = {isa = PBXBuildFile; fileRef = 6E65917729978C7D009EDAE9 /* TableViewCell.swift */; };
		6E65917A29978C7D009EDAE9 /* TableViewCell.xib in Resources */ = {isa = PBXBuildFile; fileRef = 6E65917829978C7D009EDAE9 /* TableViewCell.xib */; };
/* End PBXBuildFile section */

/* Begin PBXFileReference section */
		6E1967D82993A906005A7211 /* surf_intro_project.app */ = {isa = PBXFileReference; explicitFileType = wrapper.application; includeInIndex = 0; path = surf_intro_project.app; sourceTree = BUILT_PRODUCTS_DIR; };
		6E1967DB2993A906005A7211 /* AppDelegate.swift */ = {isa = PBXFileReference; lastKnownFileType = sourcecode.swift; path = AppDelegate.swift; sourceTree = "<group>"; };
		6E1967E42993A90A005A7211 /* Assets.xcassets */ = {isa = PBXFileReference; lastKnownFileType = folder.assetcatalog; path = Assets.xcassets; sourceTree = "<group>"; };
		6E1967E72993A90A005A7211 /* Base */ = {isa = PBXFileReference; lastKnownFileType = file.storyboard; name = Base; path = Base.lproj/LaunchScreen.storyboard; sourceTree = "<group>"; };
		6E1967E92993A90A005A7211 /* Info.plist */ = {isa = PBXFileReference; lastKnownFileType = text.plist.xml; path = Info.plist; sourceTree = "<group>"; };
		6E1967F02993AA30005A7211 /* MainViewController.swift */ = {isa = PBXFileReference; lastKnownFileType = sourcecode.swift; path = MainViewController.swift; sourceTree = "<group>"; };
		6E1967F12993AA31005A7211 /* MainViewController.xib */ = {isa = PBXFileReference; lastKnownFileType = file.xib; path = MainViewController.xib; sourceTree = "<group>"; };
		6E65916A2993C96A009EDAE9 /* CarouselCollectionViewCell.swift */ = {isa = PBXFileReference; lastKnownFileType = sourcecode.swift; path = CarouselCollectionViewCell.swift; sourceTree = "<group>"; };
		6E65916B2993C96A009EDAE9 /* CarouselCollectionViewCell.xib */ = {isa = PBXFileReference; lastKnownFileType = file.xib; path = CarouselCollectionViewCell.xib; sourceTree = "<group>"; };
		6E65917729978C7D009EDAE9 /* TableViewCell.swift */ = {isa = PBXFileReference; lastKnownFileType = sourcecode.swift; path = TableViewCell.swift; sourceTree = "<group>"; };
		6E65917829978C7D009EDAE9 /* TableViewCell.xib */ = {isa = PBXFileReference; lastKnownFileType = file.xib; path = TableViewCell.xib; sourceTree = "<group>"; };
/* End PBXFileReference section */

/* Begin PBXFrameworksBuildPhase section */
		6E1967D52993A906005A7211 /* Frameworks */ = {
			isa = PBXFrameworksBuildPhase;
			buildActionMask = 2147483647;
			files = (
			);
			runOnlyForDeploymentPostprocessing = 0;
		};
/* End PBXFrameworksBuildPhase section */

/* Begin PBXGroup section */
		6E1967CF2993A906005A7211 = {
			isa = PBXGroup;
			children = (
				6E1967DA2993A906005A7211 /* surf_intro_project */,
				6E1967D92993A906005A7211 /* Products */,
			);
			sourceTree = "<group>";
		};
		6E1967D92993A906005A7211 /* Products */ = {
			isa = PBXGroup;
			children = (
				6E1967D82993A906005A7211 /* surf_intro_project.app */,
			);
			name = Products;
			sourceTree = "<group>";
		};
		6E1967DA2993A906005A7211 /* surf_intro_project */ = {
			isa = PBXGroup;
			children = (
				6E1967EF2993AA0A005A7211 /* MainModule */,
				6E1967DB2993A906005A7211 /* AppDelegate.swift */,
				6E1967E42993A90A005A7211 /* Assets.xcassets */,
				6E1967E62993A90A005A7211 /* LaunchScreen.storyboard */,
				6E1967E92993A90A005A7211 /* Info.plist */,
			);
			path = surf_intro_project;
			sourceTree = "<group>";
		};
		6E1967EF2993AA0A005A7211 /* MainModule */ = {
			isa = PBXGroup;
			children = (
				6E65917629978C5F009EDAE9 /* TableViewCell */,
				6E6591692993C932009EDAE9 /* Cells */,
				6E1967F02993AA30005A7211 /* MainViewController.swift */,
				6E1967F12993AA31005A7211 /* MainViewController.xib */,
			);
			path = MainModule;
			sourceTree = "<group>";
		};
		6E6591692993C932009EDAE9 /* Cells */ = {
			isa = PBXGroup;
			children = (
				6E65916A2993C96A009EDAE9 /* CarouselCollectionViewCell.swift */,
				6E65916B2993C96A009EDAE9 /* CarouselCollectionViewCell.xib */,
			);
			path = Cells;
			sourceTree = "<group>";
		};
		6E65917629978C5F009EDAE9 /* TableViewCell */ = {
			isa = PBXGroup;
			children = (
				6E65917729978C7D009EDAE9 /* TableViewCell.swift */,
				6E65917829978C7D009EDAE9 /* TableViewCell.xib */,
			);
			path = TableViewCell;
			sourceTree = "<group>";
		};
/* End PBXGroup section */

/* Begin PBXNativeTarget section */
		6E1967D72993A906005A7211 /* surf_intro_project */ = {
			isa = PBXNativeTarget;
			buildConfigurationList = 6E1967EC2993A90A005A7211 /* Build configuration list for PBXNativeTarget "surf_intro_project" */;
			buildPhases = (
				6E1967D42993A906005A7211 /* Sources */,
				6E1967D52993A906005A7211 /* Frameworks */,
				6E1967D62993A906005A7211 /* Resources */,
			);
			buildRules = (
			);
			dependencies = (
			);
			name = surf_intro_project;
			productName = surf_intro_project;
			productReference = 6E1967D82993A906005A7211 /* surf_intro_project.app */;
			productType = "com.apple.product-type.application";
		};
/* End PBXNativeTarget section */

/* Begin PBXProject section */
		6E1967D02993A906005A7211 /* Project object */ = {
			isa = PBXProject;
			attributes = {
				BuildIndependentTargetsInParallel = 1;
				LastSwiftUpdateCheck = 1410;
				LastUpgradeCheck = 1410;
				TargetAttributes = {
					6E1967D72993A906005A7211 = {
						CreatedOnToolsVersion = 14.1;
					};
				};
			};
			buildConfigurationList = 6E1967D32993A906005A7211 /* Build configuration list for PBXProject "surf_intro_project" */;
			compatibilityVersion = "Xcode 14.0";
			developmentRegion = en;
			hasScannedForEncodings = 0;
			knownRegions = (
				en,
				Base,
			);
			mainGroup = 6E1967CF2993A906005A7211;
			productRefGroup = 6E1967D92993A906005A7211 /* Products */;
			projectDirPath = "";
			projectRoot = "";
			targets = (
				6E1967D72993A906005A7211 /* surf_intro_project */,
			);
		};
/* End PBXProject section */

/* Begin PBXResourcesBuildPhase section */
		6E1967D62993A906005A7211 /* Resources */ = {
			isa = PBXResourcesBuildPhase;
			buildActionMask = 2147483647;
			files = (
				6E65916D2993C96A009EDAE9 /* CarouselCollectionViewCell.xib in Resources */,
				6E65917A29978C7D009EDAE9 /* TableViewCell.xib in Resources */,
				6E1967E82993A90A005A7211 /* LaunchScreen.storyboard in Resources */,
				6E1967F32993AA31005A7211 /* MainViewController.xib in Resources */,
				6E1967E52993A90A005A7211 /* Assets.xcassets in Resources */,
			);
			runOnlyForDeploymentPostprocessing = 0;
		};
/* End PBXResourcesBuildPhase section */

/* Begin PBXSourcesBuildPhase section */
		6E1967D42993A906005A7211 /* Sources */ = {
			isa = PBXSourcesBuildPhase;
			buildActionMask = 2147483647;
			files = (
				6E65917929978C7D009EDAE9 /* TableViewCell.swift in Sources */,
				6E1967DC2993A906005A7211 /* AppDelegate.swift in Sources */,
				6E65916C2993C96A009EDAE9 /* CarouselCollectionViewCell.swift in Sources */,
				6E1967F22993AA31005A7211 /* MainViewController.swift in Sources */,
			);
			runOnlyForDeploymentPostprocessing = 0;
		};
/* End PBXSourcesBuildPhase section */

/* Begin PBXVariantGroup section */
		6E1967E62993A90A005A7211 /* LaunchScreen.storyboard */ = {
			isa = PBXVariantGroup;
			children = (
				6E1967E72993A90A005A7211 /* Base */,
			);
			name = LaunchScreen.storyboard;
			sourceTree = "<group>";
		};
/* End PBXVariantGroup section */

/* Begin XCBuildConfiguration section */
		6E1967EA2993A90A005A7211 /* Debug */ = {
			isa = XCBuildConfiguration;
			buildSettings = {
				ALWAYS_SEARCH_USER_PATHS = NO;
				CLANG_ANALYZER_NONNULL = YES;
				CLANG_ANALYZER_NUMBER_OBJECT_CONVERSION = YES_AGGRESSIVE;
				CLANG_CXX_LANGUAGE_STANDARD = "gnu++20";
				CLANG_ENABLE_MODULES = YES;
				CLANG_ENABLE_OBJC_ARC = YES;
				CLANG_ENABLE_OBJC_WEAK = YES;
				CLANG_WARN_BLOCK_CAPTURE_AUTORELEASING = YES;
				CLANG_WARN_BOOL_CONVERSION = YES;
				CLANG_WARN_COMMA = YES;
				CLANG_WARN_CONSTANT_CONVERSION = YES;
				CLANG_WARN_DEPRECATED_OBJC_IMPLEMENTATIONS = YES;
				CLANG_WARN_DIRECT_OBJC_ISA_USAGE = YES_ERROR;
				CLANG_WARN_DOCUMENTATION_COMMENTS = YES;
				CLANG_WARN_EMPTY_BODY = YES;
				CLANG_WARN_ENUM_CONVERSION = YES;
				CLANG_WARN_INFINITE_RECURSION = YES;
				CLANG_WARN_INT_CONVERSION = YES;
				CLANG_WARN_NON_LITERAL_NULL_CONVERSION = YES;
				CLANG_WARN_OBJC_IMPLICIT_RETAIN_SELF = YES;
				CLANG_WARN_OBJC_LITERAL_CONVERSION = YES;
				CLANG_WARN_OBJC_ROOT_CLASS = YES_ERROR;
				CLANG_WARN_QUOTED_INCLUDE_IN_FRAMEWORK_HEADER = YES;
				CLANG_WARN_RANGE_LOOP_ANALYSIS = YES;
				CLANG_WARN_STRICT_PROTOTYPES = YES;
				CLANG_WARN_SUSPICIOUS_MOVE = YES;
				CLANG_WARN_UNGUARDED_AVAILABILITY = YES_AGGRESSIVE;
				CLANG_WARN_UNREACHABLE_CODE = YES;
				CLANG_WARN__DUPLICATE_METHOD_MATCH = YES;
				COPY_PHASE_STRIP = NO;
				DEBUG_INFORMATION_FORMAT = dwarf;
				ENABLE_STRICT_OBJC_MSGSEND = YES;
				ENABLE_TESTABILITY = YES;
				GCC_C_LANGUAGE_STANDARD = gnu11;
				GCC_DYNAMIC_NO_PIC = NO;
				GCC_NO_COMMON_BLOCKS = YES;
				GCC_OPTIMIZATION_LEVEL = 0;
				GCC_PREPROCESSOR_DEFINITIONS = (
					"DEBUG=1",
					"$(inherited)",
				);
				GCC_WARN_64_TO_32_BIT_CONVERSION = YES;
				GCC_WARN_ABOUT_RETURN_TYPE = YES_ERROR;
				GCC_WARN_UNDECLARED_SELECTOR = YES;
				GCC_WARN_UNINITIALIZED_AUTOS = YES_AGGRESSIVE;
				GCC_WARN_UNUSED_FUNCTION = YES;
				GCC_WARN_UNUSED_VARIABLE = YES;
				IPHONEOS_DEPLOYMENT_TARGET = 16.1;
				MTL_ENABLE_DEBUG_INFO = INCLUDE_SOURCE;
				MTL_FAST_MATH = YES;
				ONLY_ACTIVE_ARCH = YES;
				SDKROOT = iphoneos;
				SWIFT_ACTIVE_COMPILATION_CONDITIONS = DEBUG;
				SWIFT_OPTIMIZATION_LEVEL = "-Onone";
			};
			name = Debug;
		};
		6E1967EB2993A90A005A7211 /* Release */ = {
			isa = XCBuildConfiguration;
			buildSettings = {
				ALWAYS_SEARCH_USER_PATHS = NO;
				CLANG_ANALYZER_NONNULL = YES;
				CLANG_ANALYZER_NUMBER_OBJECT_CONVERSION = YES_AGGRESSIVE;
				CLANG_CXX_LANGUAGE_STANDARD = "gnu++20";
				CLANG_ENABLE_MODULES = YES;
				CLANG_ENABLE_OBJC_ARC = YES;
				CLANG_ENABLE_OBJC_WEAK = YES;
				CLANG_WARN_BLOCK_CAPTURE_AUTORELEASING = YES;
				CLANG_WARN_BOOL_CONVERSION = YES;
				CLANG_WARN_COMMA = YES;
				CLANG_WARN_CONSTANT_CONVERSION = YES;
				CLANG_WARN_DEPRECATED_OBJC_IMPLEMENTATIONS = YES;
				CLANG_WARN_DIRECT_OBJC_ISA_USAGE = YES_ERROR;
				CLANG_WARN_DOCUMENTATION_COMMENTS = YES;
				CLANG_WARN_EMPTY_BODY = YES;
				CLANG_WARN_ENUM_CONVERSION = YES;
				CLANG_WARN_INFINITE_RECURSION = YES;
				CLANG_WARN_INT_CONVERSION = YES;
				CLANG_WARN_NON_LITERAL_NULL_CONVERSION = YES;
				CLANG_WARN_OBJC_IMPLICIT_RETAIN_SELF = YES;
				CLANG_WARN_OBJC_LITERAL_CONVERSION = YES;
				CLANG_WARN_OBJC_ROOT_CLASS = YES_ERROR;
				CLANG_WARN_QUOTED_INCLUDE_IN_FRAMEWORK_HEADER = YES;
				CLANG_WARN_RANGE_LOOP_ANALYSIS = YES;
				CLANG_WARN_STRICT_PROTOTYPES = YES;
				CLANG_WARN_SUSPICIOUS_MOVE = YES;
				CLANG_WARN_UNGUARDED_AVAILABILITY = YES_AGGRESSIVE;
				CLANG_WARN_UNREACHABLE_CODE = YES;
				CLANG_WARN__DUPLICATE_METHOD_MATCH = YES;
				COPY_PHASE_STRIP = NO;
				DEBUG_INFORMATION_FORMAT = "dwarf-with-dsym";
				ENABLE_NS_ASSERTIONS = NO;
				ENABLE_STRICT_OBJC_MSGSEND = YES;
				GCC_C_LANGUAGE_STANDARD = gnu11;
				GCC_NO_COMMON_BLOCKS = YES;
				GCC_WARN_64_TO_32_BIT_CONVERSION = YES;
				GCC_WARN_ABOUT_RETURN_TYPE = YES_ERROR;
				GCC_WARN_UNDECLARED_SELECTOR = YES;
				GCC_WARN_UNINITIALIZED_AUTOS = YES_AGGRESSIVE;
				GCC_WARN_UNUSED_FUNCTION = YES;
				GCC_WARN_UNUSED_VARIABLE = YES;
				IPHONEOS_DEPLOYMENT_TARGET = 16.1;
				MTL_ENABLE_DEBUG_INFO = NO;
				MTL_FAST_MATH = YES;
				SDKROOT = iphoneos;
				SWIFT_COMPILATION_MODE = wholemodule;
				SWIFT_OPTIMIZATION_LEVEL = "-O";
				VALIDATE_PRODUCT = YES;
			};
			name = Release;
		};
		6E1967ED2993A90A005A7211 /* Debug */ = {
			isa = XCBuildConfiguration;
			buildSettings = {
				ASSETCATALOG_COMPILER_APPICON_NAME = AppIcon;
				ASSETCATALOG_COMPILER_GLOBAL_ACCENT_COLOR_NAME = AccentColor;
				CODE_SIGN_STYLE = Automatic;
				CURRENT_PROJECT_VERSION = 1;
				GENERATE_INFOPLIST_FILE = YES;
				INFOPLIST_FILE = surf_intro_project/Info.plist;
				INFOPLIST_KEY_UIApplicationSupportsIndirectInputEvents = YES;
				INFOPLIST_KEY_UILaunchStoryboardName = LaunchScreen;
				INFOPLIST_KEY_UISupportedInterfaceOrientations_iPad = "UIInterfaceOrientationPortrait UIInterfaceOrientationPortraitUpsideDown UIInterfaceOrientationLandscapeLeft UIInterfaceOrientationLandscapeRight";
				INFOPLIST_KEY_UISupportedInterfaceOrientations_iPhone = "UIInterfaceOrientationPortrait UIInterfaceOrientationLandscapeLeft UIInterfaceOrientationLandscapeRight";
				LD_RUNPATH_SEARCH_PATHS = (
					"$(inherited)",
					"@executable_path/Frameworks",
				);
				MARKETING_VERSION = 1.0;
				PRODUCT_BUNDLE_IDENTIFIER = "xyz.surf-intro-project";
				PRODUCT_NAME = "$(TARGET_NAME)";
				SWIFT_EMIT_LOC_STRINGS = YES;
				SWIFT_VERSION = 5.0;
				TARGETED_DEVICE_FAMILY = "1,2";
			};
			name = Debug;
		};
		6E1967EE2993A90A005A7211 /* Release */ = {
			isa = XCBuildConfiguration;
			buildSettings = {
				ASSETCATALOG_COMPILER_APPICON_NAME = AppIcon;
				ASSETCATALOG_COMPILER_GLOBAL_ACCENT_COLOR_NAME = AccentColor;
				CODE_SIGN_STYLE = Automatic;
				CURRENT_PROJECT_VERSION = 1;
				GENERATE_INFOPLIST_FILE = YES;
				INFOPLIST_FILE = surf_intro_project/Info.plist;
				INFOPLIST_KEY_UIApplicationSupportsIndirectInputEvents = YES;
				INFOPLIST_KEY_UILaunchStoryboardName = LaunchScreen;
				INFOPLIST_KEY_UISupportedInterfaceOrientations_iPad = "UIInterfaceOrientationPortrait UIInterfaceOrientationPortraitUpsideDown UIInterfaceOrientationLandscapeLeft UIInterfaceOrientationLandscapeRight";
				INFOPLIST_KEY_UISupportedInterfaceOrientations_iPhone = "UIInterfaceOrientationPortrait UIInterfaceOrientationLandscapeLeft UIInterfaceOrientationLandscapeRight";
				LD_RUNPATH_SEARCH_PATHS = (
					"$(inherited)",
					"@executable_path/Frameworks",
				);
				MARKETING_VERSION = 1.0;
				PRODUCT_BUNDLE_IDENTIFIER = "xyz.surf-intro-project";
				PRODUCT_NAME = "$(TARGET_NAME)";
				SWIFT_EMIT_LOC_STRINGS = YES;
				SWIFT_VERSION = 5.0;
				TARGETED_DEVICE_FAMILY = "1,2";
			};
			name = Release;
		};
/* End XCBuildConfiguration section */

/* Begin XCConfigurationList section */
		6E1967D32993A906005A7211 /* Build configuration list for PBXProject "surf_intro_project" */ = {
			isa = XCConfigurationList;
			buildConfigurations = (
				6E1967EA2993A90A005A7211 /* Debug */,
				6E1967EB2993A90A005A7211 /* Release */,
			);
			defaultConfigurationIsVisible = 0;
			defaultConfigurationName = Release;
		};
		6E1967EC2993A90A005A7211 /* Build configuration list for PBXNativeTarget "surf_intro_project" */ = {
			isa = XCConfigurationList;
			buildConfigurations = (
				6E1967ED2993A90A005A7211 /* Debug */,
				6E1967EE2993A90A005A7211 /* Release */,
			);
			defaultConfigurationIsVisible = 0;
			defaultConfigurationName = Release;
		};
/* End XCConfigurationList section */
	};
	rootObject = 6E1967D02993A906005A7211 /* Project object */;
}
